
Microsoft Visual Studio Solution File, Format Version 12.00
# Visual Studio Version 16
VisualStudioVersion = 16.0.30907.101
MinimumVisualStudioVersion = 10.0.40219.1
Project("{9A19103F-16F7-4668-BE54-9A1E7A4F7556}") = "RD.CanMusicMakeYouRunFaster.Specs", "RD.CanMusicMakeYouRunFaster.Specs\RD.CanMusicMakeYouRunFaster.Specs.csproj", "{60B4E547-66E9-4620-82BF-6F3AD6DA6A3F}"
EndProject
Project("{9A19103F-16F7-4668-BE54-9A1E7A4F7556}") = "RD.CanMusicMakeYouRunFaster.FakeResponseServer", "RD.CanMusicMakeYouRunFaster.FakeResponseServer\RD.CanMusicMakeYouRunFaster.FakeResponseServer.csproj", "{72F305CC-6FE2-4979-87C6-94F3B1541298}"
EndProject
Project("{9A19103F-16F7-4668-BE54-9A1E7A4F7556}") = "RD.CanMusicMakeYouRunFaster.Rest", "RD.CanMusicMakeYouRunFaster.Rest\RD.CanMusicMakeYouRunFaster.Rest.csproj", "{F6F11575-08E4-4112-AF27-9B02801E32B3}"
EndProject
Project("{9A19103F-16F7-4668-BE54-9A1E7A4F7556}") = "RD.CanMusicMakeYouRunFaster.FakeResponseServer.UnitTests", "RD.CanMusicMakeYouRunFaster.FakeResponseServer.UnitTests\RD.CanMusicMakeYouRunFaster.FakeResponseServer.UnitTests.csproj", "{DE06860B-D445-41B8-8FD8-FCDF527F2E4B}"
EndProject
Project("{9A19103F-16F7-4668-BE54-9A1E7A4F7556}") = "RD.CanMusicMakeYouRunFaster.Rest.IntegrationTests", "RD.CanMusicMakeYouRunFaster.IntegrationTests\RD.CanMusicMakeYouRunFaster.Rest.IntegrationTests.csproj", "{5D0B2ABB-4EA9-4CD2-9859-F36923F01AFB}"
EndProject
Project("{9A19103F-16F7-4668-BE54-9A1E7A4F7556}") = "RD.CanMusicMakeYouRunFaster.CommonTestUtils", "RD.CanMusicMakeYouRunFaster.CommonTestUtils\RD.CanMusicMakeYouRunFaster.CommonTestUtils.csproj", "{96A77EDB-6DF0-4DCB-B45D-F1E0FAE0BC65}"
EndProject
Project("{9A19103F-16F7-4668-BE54-9A1E7A4F7556}") = "RD.CanMusicMakeYouRunFaster.Rest.UnitTests", "RD.CanMusicMakeYouRunFaster.Rest.UnitTests\RD.CanMusicMakeYouRunFaster.Rest.UnitTests.csproj", "{314C9E04-0826-4223-9F8A-63B31AC3AFEC}"
EndProject
Project("{9A19103F-16F7-4668-BE54-9A1E7A4F7556}") = "RD.CanMusicMakeYouRunFaster.ComparisonLogic", "RD.CanMusicMakeYouRunFaster.ComparisonLogic\RD.CanMusicMakeYouRunFaster.ComparisonLogic.csproj", "{4AD8C59C-1108-4A33-A8ED-9477CFCCD6EE}"
EndProject
Project("{9A19103F-16F7-4668-BE54-9A1E7A4F7556}") = "RD.CanMusicMakeYouRunFaster.ComparisonLogic.UnitTests", "RD.CanMusicMakeYouRunFaster.ComparisonLogic.UnitTests\RD.CanMusicMakeYouRunFaster.ComparisonLogic.UnitTests.csproj", "{AC1FC22D-359A-4EC4-9F67-C432ED98BA47}"
EndProject
Project("{FAE04EC0-301F-11D3-BF4B-00C04F79EFBC}") = "RD.CanMusicMakeYouRunFaster.AndroidApp", "RD.CanMusicMakeYouRunFaster.AndroidApp\RD.CanMusicMakeYouRunFaster.AndroidApp.csproj", "{A620141C-B70B-40F8-9BC8-88C9AA129C2E}"
EndProject
Project("{FAE04EC0-301F-11D3-BF4B-00C04F79EFBC}") = "RD.CanMusicMakeYouRunFaster.AndroidApp.UnitTests", "RD.CanMusicMakeYouRunFaster.AndroidApp.UnitTests\RD.CanMusicMakeYouRunFaster.AndroidApp.UnitTests.csproj", "{E9A48AF0-FF77-4597-8834-729C864FD729}"
EndProject
Global
	GlobalSection(SolutionConfigurationPlatforms) = preSolution
		Debug|Any CPU = Debug|Any CPU
		Release|Any CPU = Release|Any CPU
	EndGlobalSection
	GlobalSection(ProjectConfigurationPlatforms) = postSolution
		{60B4E547-66E9-4620-82BF-6F3AD6DA6A3F}.Debug|Any CPU.ActiveCfg = Debug|Any CPU
		{60B4E547-66E9-4620-82BF-6F3AD6DA6A3F}.Debug|Any CPU.Build.0 = Debug|Any CPU
		{60B4E547-66E9-4620-82BF-6F3AD6DA6A3F}.Release|Any CPU.ActiveCfg = Release|Any CPU
		{60B4E547-66E9-4620-82BF-6F3AD6DA6A3F}.Release|Any CPU.Build.0 = Release|Any CPU
		{72F305CC-6FE2-4979-87C6-94F3B1541298}.Debug|Any CPU.ActiveCfg = Debug|Any CPU
		{72F305CC-6FE2-4979-87C6-94F3B1541298}.Debug|Any CPU.Build.0 = Debug|Any CPU
		{72F305CC-6FE2-4979-87C6-94F3B1541298}.Release|Any CPU.ActiveCfg = Release|Any CPU
		{72F305CC-6FE2-4979-87C6-94F3B1541298}.Release|Any CPU.Build.0 = Release|Any CPU
		{F6F11575-08E4-4112-AF27-9B02801E32B3}.Debug|Any CPU.ActiveCfg = Debug|Any CPU
		{F6F11575-08E4-4112-AF27-9B02801E32B3}.Debug|Any CPU.Build.0 = Debug|Any CPU
		{F6F11575-08E4-4112-AF27-9B02801E32B3}.Release|Any CPU.ActiveCfg = Release|Any CPU
		{F6F11575-08E4-4112-AF27-9B02801E32B3}.Release|Any CPU.Build.0 = Release|Any CPU
		{DE06860B-D445-41B8-8FD8-FCDF527F2E4B}.Debug|Any CPU.ActiveCfg = Debug|Any CPU
		{DE06860B-D445-41B8-8FD8-FCDF527F2E4B}.Debug|Any CPU.Build.0 = Debug|Any CPU
		{DE06860B-D445-41B8-8FD8-FCDF527F2E4B}.Release|Any CPU.ActiveCfg = Release|Any CPU
		{DE06860B-D445-41B8-8FD8-FCDF527F2E4B}.Release|Any CPU.Build.0 = Release|Any CPU
		{5D0B2ABB-4EA9-4CD2-9859-F36923F01AFB}.Debug|Any CPU.ActiveCfg = Debug|Any CPU
		{5D0B2ABB-4EA9-4CD2-9859-F36923F01AFB}.Debug|Any CPU.Build.0 = Debug|Any CPU
		{5D0B2ABB-4EA9-4CD2-9859-F36923F01AFB}.Release|Any CPU.ActiveCfg = Release|Any CPU
		{5D0B2ABB-4EA9-4CD2-9859-F36923F01AFB}.Release|Any CPU.Build.0 = Release|Any CPU
		{96A77EDB-6DF0-4DCB-B45D-F1E0FAE0BC65}.Debug|Any CPU.ActiveCfg = Debug|Any CPU
		{96A77EDB-6DF0-4DCB-B45D-F1E0FAE0BC65}.Debug|Any CPU.Build.0 = Debug|Any CPU
		{96A77EDB-6DF0-4DCB-B45D-F1E0FAE0BC65}.Release|Any CPU.ActiveCfg = Release|Any CPU
		{96A77EDB-6DF0-4DCB-B45D-F1E0FAE0BC65}.Release|Any CPU.Build.0 = Release|Any CPU
		{314C9E04-0826-4223-9F8A-63B31AC3AFEC}.Debug|Any CPU.ActiveCfg = Debug|Any CPU
		{314C9E04-0826-4223-9F8A-63B31AC3AFEC}.Debug|Any CPU.Build.0 = Debug|Any CPU
		{314C9E04-0826-4223-9F8A-63B31AC3AFEC}.Release|Any CPU.ActiveCfg = Release|Any CPU
		{314C9E04-0826-4223-9F8A-63B31AC3AFEC}.Release|Any CPU.Build.0 = Release|Any CPU
		{4AD8C59C-1108-4A33-A8ED-9477CFCCD6EE}.Debug|Any CPU.ActiveCfg = Debug|Any CPU
		{4AD8C59C-1108-4A33-A8ED-9477CFCCD6EE}.Debug|Any CPU.Build.0 = Debug|Any CPU
		{4AD8C59C-1108-4A33-A8ED-9477CFCCD6EE}.Release|Any CPU.ActiveCfg = Release|Any CPU
		{4AD8C59C-1108-4A33-A8ED-9477CFCCD6EE}.Release|Any CPU.Build.0 = Release|Any CPU
		{AC1FC22D-359A-4EC4-9F67-C432ED98BA47}.Debug|Any CPU.ActiveCfg = Debug|Any CPU
		{AC1FC22D-359A-4EC4-9F67-C432ED98BA47}.Debug|Any CPU.Build.0 = Debug|Any CPU
		{AC1FC22D-359A-4EC4-9F67-C432ED98BA47}.Release|Any CPU.ActiveCfg = Release|Any CPU
		{AC1FC22D-359A-4EC4-9F67-C432ED98BA47}.Release|Any CPU.Build.0 = Release|Any CPU
		{A620141C-B70B-40F8-9BC8-88C9AA129C2E}.Debug|Any CPU.ActiveCfg = Debug|Any CPU
		{A620141C-B70B-40F8-9BC8-88C9AA129C2E}.Debug|Any CPU.Build.0 = Debug|Any CPU
		{A620141C-B70B-40F8-9BC8-88C9AA129C2E}.Debug|Any CPU.Deploy.0 = Debug|Any CPU
		{A620141C-B70B-40F8-9BC8-88C9AA129C2E}.Release|Any CPU.ActiveCfg = Release|Any CPU
		{A620141C-B70B-40F8-9BC8-88C9AA129C2E}.Release|Any CPU.Build.0 = Release|Any CPU
		{A620141C-B70B-40F8-9BC8-88C9AA129C2E}.Release|Any CPU.Deploy.0 = Release|Any CPU
		{E9A48AF0-FF77-4597-8834-729C864FD729}.Debug|Any CPU.ActiveCfg = Debug|Any CPU
		{E9A48AF0-FF77-4597-8834-729C864FD729}.Debug|Any CPU.Build.0 = Debug|Any CPU
		{E9A48AF0-FF77-4597-8834-729C864FD729}.Release|Any CPU.ActiveCfg = Release|Any CPU
		{E9A48AF0-FF77-4597-8834-729C864FD729}.Release|Any CPU.Build.0 = Release|Any CPU
	EndGlobalSection
	GlobalSection(SolutionProperties) = preSolution
		HideSolutionNode = FALSE
	EndGlobalSection
	GlobalSection(ExtensibilityGlobals) = postSolution
		SolutionGuid = {06437B0C-BA86-4107-81BC-CCF10771E0AD}
	EndGlobalSection
EndGlobal
