
Microsoft Visual Studio Solution File, Format Version 12.00
# Visual Studio Version 16
VisualStudioVersion = 16.0.30907.101
MinimumVisualStudioVersion = 10.0.40219.1
Project("{9A19103F-16F7-4668-BE54-9A1E7A4F7556}") = "RD.CanMusicMakeYouRunFaster.Rest.UnitTests", "RD.CanMusicMakeYouRunFaster.Common.UnitTests\RD.CanMusicMakeYouRunFaster.Rest.UnitTests.csproj", "{FFB96C59-E9EF-4121-8B4F-D7AF26963B95}"
EndProject
Project("{9A19103F-16F7-4668-BE54-9A1E7A4F7556}") = "RD.CanMusicMakeYouRunFaster.Specs", "RD.CanMusicMakeYouRunFaster.Specs\RD.CanMusicMakeYouRunFaster.Specs.csproj", "{60B4E547-66E9-4620-82BF-6F3AD6DA6A3F}"
EndProject
Project("{9A19103F-16F7-4668-BE54-9A1E7A4F7556}") = "RD.CanMusicMakeYouRunFaster.FakeResponseServer", "RD.CanMusicMakeYouRunFaster.FakeResponseServer\RD.CanMusicMakeYouRunFaster.FakeResponseServer.csproj", "{72F305CC-6FE2-4979-87C6-94F3B1541298}"
EndProject
Project("{9A19103F-16F7-4668-BE54-9A1E7A4F7556}") = "RD.CanMusicMakeYouRunFaster.Rest", "RD.CanMusicMakeYouRunFaster.Rest\RD.CanMusicMakeYouRunFaster.Rest.csproj", "{F6F11575-08E4-4112-AF27-9B02801E32B3}"
EndProject
Global
	GlobalSection(SolutionConfigurationPlatforms) = preSolution
		Debug|Any CPU = Debug|Any CPU
		Release|Any CPU = Release|Any CPU
	EndGlobalSection
	GlobalSection(ProjectConfigurationPlatforms) = postSolution
		{FFB96C59-E9EF-4121-8B4F-D7AF26963B95}.Debug|Any CPU.ActiveCfg = Debug|Any CPU
		{FFB96C59-E9EF-4121-8B4F-D7AF26963B95}.Debug|Any CPU.Build.0 = Debug|Any CPU
		{FFB96C59-E9EF-4121-8B4F-D7AF26963B95}.Release|Any CPU.ActiveCfg = Release|Any CPU
		{FFB96C59-E9EF-4121-8B4F-D7AF26963B95}.Release|Any CPU.Build.0 = Release|Any CPU
		{60B4E547-66E9-4620-82BF-6F3AD6DA6A3F}.Debug|Any CPU.ActiveCfg = Debug|Any CPU
		{60B4E547-66E9-4620-82BF-6F3AD6DA6A3F}.Debug|Any CPU.Build.0 = Debug|Any CPU
		{60B4E547-66E9-4620-82BF-6F3AD6DA6A3F}.Release|Any CPU.ActiveCfg = Release|Any CPU
		{60B4E547-66E9-4620-82BF-6F3AD6DA6A3F}.Release|Any CPU.Build.0 = Release|Any CPU
		{72F305CC-6FE2-4979-87C6-94F3B1541298}.Debug|Any CPU.ActiveCfg = Debug|Any CPU
		{72F305CC-6FE2-4979-87C6-94F3B1541298}.Debug|Any CPU.Build.0 = Debug|Any CPU
		{72F305CC-6FE2-4979-87C6-94F3B1541298}.Release|Any CPU.ActiveCfg = Release|Any CPU
		{72F305CC-6FE2-4979-87C6-94F3B1541298}.Release|Any CPU.Build.0 = Release|Any CPU
		{F6F11575-08E4-4112-AF27-9B02801E32B3}.Debug|Any CPU.ActiveCfg = Debug|Any CPU
		{F6F11575-08E4-4112-AF27-9B02801E32B3}.Debug|Any CPU.Build.0 = Debug|Any CPU
		{F6F11575-08E4-4112-AF27-9B02801E32B3}.Release|Any CPU.ActiveCfg = Release|Any CPU
		{F6F11575-08E4-4112-AF27-9B02801E32B3}.Release|Any CPU.Build.0 = Release|Any CPU
	EndGlobalSection
	GlobalSection(SolutionProperties) = preSolution
		HideSolutionNode = FALSE
	EndGlobalSection
	GlobalSection(ExtensibilityGlobals) = postSolution
		SolutionGuid = {06437B0C-BA86-4107-81BC-CCF10771E0AD}
	EndGlobalSection
EndGlobal
